// !$*UTF8*$!
{
	archiveVersion = 1;
	classes = {
	};
	objectVersion = 46;
	objects = {

/* Begin PBXBuildFile section */
		905E6A581B14F337002C5E2A /* AppDelegate.swift in Sources */ = {isa = PBXBuildFile; fileRef = 905E6A571B14F337002C5E2A /* AppDelegate.swift */; };
		905E6A5A1B14F337002C5E2A /* ViewController.swift in Sources */ = {isa = PBXBuildFile; fileRef = 905E6A591B14F337002C5E2A /* ViewController.swift */; };
		905E6A5D1B14F337002C5E2A /* Main.storyboard in Resources */ = {isa = PBXBuildFile; fileRef = 905E6A5B1B14F337002C5E2A /* Main.storyboard */; };
		905E6A5F1B14F337002C5E2A /* Images.xcassets in Resources */ = {isa = PBXBuildFile; fileRef = 905E6A5E1B14F337002C5E2A /* Images.xcassets */; };
		905E6A621B14F337002C5E2A /* LaunchScreen.xib in Resources */ = {isa = PBXBuildFile; fileRef = 905E6A601B14F337002C5E2A /* LaunchScreen.xib */; };
		905E6A6E1B14F337002C5E2A /* JukeboxTests.swift in Sources */ = {isa = PBXBuildFile; fileRef = 905E6A6D1B14F337002C5E2A /* JukeboxTests.swift */; };
/* End PBXBuildFile section */

/* Begin PBXContainerItemProxy section */
		905E6A681B14F337002C5E2A /* PBXContainerItemProxy */ = {
			isa = PBXContainerItemProxy;
			containerPortal = 905E6A4A1B14F337002C5E2A /* Project object */;
			proxyType = 1;
			remoteGlobalIDString = 905E6A511B14F337002C5E2A;
			remoteInfo = Jukebox;
		};
/* End PBXContainerItemProxy section */

/* Begin PBXFileReference section */
		905E6A521B14F337002C5E2A /* Jukebox.app */ = {isa = PBXFileReference; explicitFileType = wrapper.application; includeInIndex = 0; path = Jukebox.app; sourceTree = BUILT_PRODUCTS_DIR; };
		905E6A561B14F337002C5E2A /* Info.plist */ = {isa = PBXFileReference; lastKnownFileType = text.plist.xml; path = Info.plist; sourceTree = "<group>"; };
		905E6A571B14F337002C5E2A /* AppDelegate.swift */ = {isa = PBXFileReference; lastKnownFileType = sourcecode.swift; path = AppDelegate.swift; sourceTree = "<group>"; };
		905E6A591B14F337002C5E2A /* ViewController.swift */ = {isa = PBXFileReference; lastKnownFileType = sourcecode.swift; path = ViewController.swift; sourceTree = "<group>"; };
		905E6A5C1B14F337002C5E2A /* Base */ = {isa = PBXFileReference; lastKnownFileType = file.storyboard; name = Base; path = Base.lproj/Main.storyboard; sourceTree = "<group>"; };
		905E6A5E1B14F337002C5E2A /* Images.xcassets */ = {isa = PBXFileReference; lastKnownFileType = folder.assetcatalog; path = Images.xcassets; sourceTree = "<group>"; };
		905E6A611B14F337002C5E2A /* Base */ = {isa = PBXFileReference; lastKnownFileType = file.xib; name = Base; path = Base.lproj/LaunchScreen.xib; sourceTree = "<group>"; };
		905E6A671B14F337002C5E2A /* JukeboxTests.xctest */ = {isa = PBXFileReference; explicitFileType = wrapper.cfbundle; includeInIndex = 0; path = JukeboxTests.xctest; sourceTree = BUILT_PRODUCTS_DIR; };
		905E6A6C1B14F337002C5E2A /* Info.plist */ = {isa = PBXFileReference; lastKnownFileType = text.plist.xml; path = Info.plist; sourceTree = "<group>"; };
		905E6A6D1B14F337002C5E2A /* JukeboxTests.swift */ = {isa = PBXFileReference; lastKnownFileType = sourcecode.swift; path = JukeboxTests.swift; sourceTree = "<group>"; };
/* End PBXFileReference section */

/* Begin PBXFrameworksBuildPhase section */
		905E6A4F1B14F337002C5E2A /* Frameworks */ = {
			isa = PBXFrameworksBuildPhase;
			buildActionMask = 2147483647;
			files = (
			);
			runOnlyForDeploymentPostprocessing = 0;
		};
		905E6A641B14F337002C5E2A /* Frameworks */ = {
			isa = PBXFrameworksBuildPhase;
			buildActionMask = 2147483647;
			files = (
			);
			runOnlyForDeploymentPostprocessing = 0;
		};
/* End PBXFrameworksBuildPhase section */

/* Begin PBXGroup section */
		905E6A491B14F337002C5E2A = {
			isa = PBXGroup;
			children = (
				905E6A541B14F337002C5E2A /* Jukebox */,
				905E6A6A1B14F337002C5E2A /* JukeboxTests */,
				905E6A531B14F337002C5E2A /* Products */,
			);
			sourceTree = "<group>";
		};
		905E6A531B14F337002C5E2A /* Products */ = {
			isa = PBXGroup;
			children = (
				905E6A521B14F337002C5E2A /* Jukebox.app */,
				905E6A671B14F337002C5E2A /* JukeboxTests.xctest */,
			);
			name = Products;
			sourceTree = "<group>";
		};
		905E6A541B14F337002C5E2A /* Jukebox */ = {
			isa = PBXGroup;
			children = (
				905E6A571B14F337002C5E2A /* AppDelegate.swift */,
				905E6A591B14F337002C5E2A /* ViewController.swift */,
				905E6A5B1B14F337002C5E2A /* Main.storyboard */,
				905E6A5E1B14F337002C5E2A /* Images.xcassets */,
				905E6A601B14F337002C5E2A /* LaunchScreen.xib */,
				905E6A551B14F337002C5E2A /* Supporting Files */,
			);
			path = Jukebox;
			sourceTree = "<group>";
		};
		905E6A551B14F337002C5E2A /* Supporting Files */ = {
			isa = PBXGroup;
			children = (
				905E6A561B14F337002C5E2A /* Info.plist */,
			);
			name = "Supporting Files";
			sourceTree = "<group>";
		};
		905E6A6A1B14F337002C5E2A /* JukeboxTests */ = {
			isa = PBXGroup;
			children = (
				905E6A6D1B14F337002C5E2A /* JukeboxTests.swift */,
				905E6A6B1B14F337002C5E2A /* Supporting Files */,
			);
			path = JukeboxTests;
			sourceTree = "<group>";
		};
		905E6A6B1B14F337002C5E2A /* Supporting Files */ = {
			isa = PBXGroup;
			children = (
				905E6A6C1B14F337002C5E2A /* Info.plist */,
			);
			name = "Supporting Files";
			sourceTree = "<group>";
		};
/* End PBXGroup section */

/* Begin PBXNativeTarget section */
		905E6A511B14F337002C5E2A /* Jukebox */ = {
			isa = PBXNativeTarget;
			buildConfigurationList = 905E6A711B14F337002C5E2A /* Build configuration list for PBXNativeTarget "Jukebox" */;
			buildPhases = (
				905E6A4E1B14F337002C5E2A /* Sources */,
				905E6A4F1B14F337002C5E2A /* Frameworks */,
				905E6A501B14F337002C5E2A /* Resources */,
			);
			buildRules = (
			);
			dependencies = (
			);
			name = Jukebox;
			productName = Jukebox;
			productReference = 905E6A521B14F337002C5E2A /* Jukebox.app */;
			productType = "com.apple.product-type.application";
		};
		905E6A661B14F337002C5E2A /* JukeboxTests */ = {
			isa = PBXNativeTarget;
			buildConfigurationList = 905E6A741B14F337002C5E2A /* Build configuration list for PBXNativeTarget "JukeboxTests" */;
			buildPhases = (
				905E6A631B14F337002C5E2A /* Sources */,
				905E6A641B14F337002C5E2A /* Frameworks */,
				905E6A651B14F337002C5E2A /* Resources */,
			);
			buildRules = (
			);
			dependencies = (
				905E6A691B14F337002C5E2A /* PBXTargetDependency */,
			);
			name = JukeboxTests;
			productName = JukeboxTests;
			productReference = 905E6A671B14F337002C5E2A /* JukeboxTests.xctest */;
			productType = "com.apple.product-type.bundle.unit-test";
		};
/* End PBXNativeTarget section */

/* Begin PBXProject section */
		905E6A4A1B14F337002C5E2A /* Project object */ = {
			isa = PBXProject;
			attributes = {
				LastUpgradeCheck = 0630;
				ORGANIZATIONNAME = jukebox;
				TargetAttributes = {
					905E6A511B14F337002C5E2A = {
						CreatedOnToolsVersion = 6.3.1;
					};
					905E6A661B14F337002C5E2A = {
						CreatedOnToolsVersion = 6.3.1;
						TestTargetID = 905E6A511B14F337002C5E2A;
					};
				};
			};
			buildConfigurationList = 905E6A4D1B14F337002C5E2A /* Build configuration list for PBXProject "Jukebox" */;
			compatibilityVersion = "Xcode 3.2";
			developmentRegion = English;
			hasScannedForEncodings = 0;
			knownRegions = (
				en,
				Base,
			);
			mainGroup = 905E6A491B14F337002C5E2A;
			productRefGroup = 905E6A531B14F337002C5E2A /* Products */;
			projectDirPath = "";
			projectRoot = "";
			targets = (
				905E6A511B14F337002C5E2A /* Jukebox */,
				905E6A661B14F337002C5E2A /* JukeboxTests */,
			);
		};
/* End PBXProject section */

/* Begin PBXResourcesBuildPhase section */
		905E6A501B14F337002C5E2A /* Resources */ = {
			isa = PBXResourcesBuildPhase;
			buildActionMask = 2147483647;
			files = (
				905E6A5D1B14F337002C5E2A /* Main.storyboard in Resources */,
				905E6A621B14F337002C5E2A /* LaunchScreen.xib in Resources */,
				905E6A5F1B14F337002C5E2A /* Images.xcassets in Resources */,
			);
			runOnlyForDeploymentPostprocessing = 0;
		};
		905E6A651B14F337002C5E2A /* Resources */ = {
			isa = PBXResourcesBuildPhase;
			buildActionMask = 2147483647;
			files = (
			);
			runOnlyForDeploymentPostprocessing = 0;
		};
/* End PBXResourcesBuildPhase section */

/* Begin PBXSourcesBuildPhase section */
		905E6A4E1B14F337002C5E2A /* Sources */ = {
			isa = PBXSourcesBuildPhase;
			buildActionMask = 2147483647;
			files = (
				905E6A5A1B14F337002C5E2A /* ViewController.swift in Sources */,
				905E6A581B14F337002C5E2A /* AppDelegate.swift in Sources */,
			);
			runOnlyForDeploymentPostprocessing = 0;
		};
		905E6A631B14F337002C5E2A /* Sources */ = {
			isa = PBXSourcesBuildPhase;
			buildActionMask = 2147483647;
			files = (
				905E6A6E1B14F337002C5E2A /* JukeboxTests.swift in Sources */,
			);
			runOnlyForDeploymentPostprocessing = 0;
		};
/* End PBXSourcesBuildPhase section */

/* Begin PBXTargetDependency section */
		905E6A691B14F337002C5E2A /* PBXTargetDependency */ = {
			isa = PBXTargetDependency;
			target = 905E6A511B14F337002C5E2A /* Jukebox */;
			targetProxy = 905E6A681B14F337002C5E2A /* PBXContainerItemProxy */;
		};
/* End PBXTargetDependency section */

/* Begin PBXVariantGroup section */
		905E6A5B1B14F337002C5E2A /* Main.storyboard */ = {
			isa = PBXVariantGroup;
			children = (
				905E6A5C1B14F337002C5E2A /* Base */,
			);
			name = Main.storyboard;
			sourceTree = "<group>";
		};
		905E6A601B14F337002C5E2A /* LaunchScreen.xib */ = {
			isa = PBXVariantGroup;
			children = (
				905E6A611B14F337002C5E2A /* Base */,
			);
			name = LaunchScreen.xib;
			sourceTree = "<group>";
		};
/* End PBXVariantGroup section */

/* Begin XCBuildConfiguration section */
		905E6A6F1B14F337002C5E2A /* Debug */ = {
			isa = XCBuildConfiguration;
			buildSettings = {
				ALWAYS_SEARCH_USER_PATHS = NO;
				CLANG_CXX_LANGUAGE_STANDARD = "gnu++0x";
				CLANG_CXX_LIBRARY = "libc++";
				CLANG_ENABLE_MODULES = YES;
				CLANG_ENABLE_OBJC_ARC = YES;
				CLANG_WARN_BOOL_CONVERSION = YES;
				CLANG_WARN_CONSTANT_CONVERSION = YES;
				CLANG_WARN_DIRECT_OBJC_ISA_USAGE = YES_ERROR;
				CLANG_WARN_EMPTY_BODY = YES;
				CLANG_WARN_ENUM_CONVERSION = YES;
				CLANG_WARN_INT_CONVERSION = YES;
				CLANG_WARN_OBJC_ROOT_CLASS = YES_ERROR;
				CLANG_WARN_UNREACHABLE_CODE = YES;
				CLANG_WARN__DUPLICATE_METHOD_MATCH = YES;
				"CODE_SIGN_IDENTITY[sdk=iphoneos*]" = "iPhone Developer";
				COPY_PHASE_STRIP = NO;
				DEBUG_INFORMATION_FORMAT = "dwarf-with-dsym";
				ENABLE_STRICT_OBJC_MSGSEND = YES;
				GCC_C_LANGUAGE_STANDARD = gnu99;
				GCC_DYNAMIC_NO_PIC = NO;
				GCC_NO_COMMON_BLOCKS = YES;
				GCC_OPTIMIZATION_LEVEL = 0;
				GCC_PREPROCESSOR_DEFINITIONS = (
					"DEBUG=1",
					"$(inherited)",
				);
				GCC_SYMBOLS_PRIVATE_EXTERN = NO;
				GCC_WARN_64_TO_32_BIT_CONVERSION = YES;
				GCC_WARN_ABOUT_RETURN_TYPE = YES_ERROR;
				GCC_WARN_UNDECLARED_SELECTOR = YES;
				GCC_WARN_UNINITIALIZED_AUTOS = YES_AGGRESSIVE;
				GCC_WARN_UNUSED_FUNCTION = YES;
				GCC_WARN_UNUSED_VARIABLE = YES;
				IPHONEOS_DEPLOYMENT_TARGET = 8.3;
				MTL_ENABLE_DEBUG_INFO = YES;
				ONLY_ACTIVE_ARCH = YES;
				SDKROOT = iphoneos;
				SWIFT_OPTIMIZATION_LEVEL = "-Onone";
			};
			name = Debug;
		};
		905E6A701B14F337002C5E2A /* Release */ = {
			isa = XCBuildConfiguration;
			buildSettings = {
				ALWAYS_SEARCH_USER_PATHS = NO;
				CLANG_CXX_LANGUAGE_STANDARD = "gnu++0x";
				CLANG_CXX_LIBRARY = "libc++";
				CLANG_ENABLE_MODULES = YES;
				CLANG_ENABLE_OBJC_ARC = YES;
				CLANG_WARN_BOOL_CONVERSION = YES;
				CLANG_WARN_CONSTANT_CONVERSION = YES;
				CLANG_WARN_DIRECT_OBJC_ISA_USAGE = YES_ERROR;
				CLANG_WARN_EMPTY_BODY = YES;
				CLANG_WARN_ENUM_CONVERSION = YES;
				CLANG_WARN_INT_CONVERSION = YES;
				CLANG_WARN_OBJC_ROOT_CLASS = YES_ERROR;
				CLANG_WARN_UNREACHABLE_CODE = YES;
				CLANG_WARN__DUPLICATE_METHOD_MATCH = YES;
				"CODE_SIGN_IDENTITY[sdk=iphoneos*]" = "iPhone Developer";
				COPY_PHASE_STRIP = NO;
				DEBUG_INFORMATION_FORMAT = "dwarf-with-dsym";
				ENABLE_NS_ASSERTIONS = NO;
				ENABLE_STRICT_OBJC_MSGSEND = YES;
				GCC_C_LANGUAGE_STANDARD = gnu99;
				GCC_NO_COMMON_BLOCKS = YES;
				GCC_WARN_64_TO_32_BIT_CONVERSION = YES;
				GCC_WARN_ABOUT_RETURN_TYPE = YES_ERROR;
				GCC_WARN_UNDECLARED_SELECTOR = YES;
				GCC_WARN_UNINITIALIZED_AUTOS = YES_AGGRESSIVE;
				GCC_WARN_UNUSED_FUNCTION = YES;
				GCC_WARN_UNUSED_VARIABLE = YES;
				IPHONEOS_DEPLOYMENT_TARGET = 8.3;
				MTL_ENABLE_DEBUG_INFO = NO;
				SDKROOT = iphoneos;
				VALIDATE_PRODUCT = YES;
			};
			name = Release;
		};
		905E6A721B14F337002C5E2A /* Debug */ = {
			isa = XCBuildConfiguration;
			buildSettings = {
				ASSETCATALOG_COMPILER_APPICON_NAME = AppIcon;
				INFOPLIST_FILE = Jukebox/Info.plist;
				LD_RUNPATH_SEARCH_PATHS = "$(inherited) @executable_path/Frameworks";
				PRODUCT_NAME = "$(TARGET_NAME)";
			};
			name = Debug;
		};
		905E6A731B14F337002C5E2A /* Release */ = {
			isa = XCBuildConfiguration;
			buildSettings = {
				ASSETCATALOG_COMPILER_APPICON_NAME = AppIcon;
				INFOPLIST_FILE = Jukebox/Info.plist;
				LD_RUNPATH_SEARCH_PATHS = "$(inherited) @executable_path/Frameworks";
				PRODUCT_NAME = "$(TARGET_NAME)";
			};
			name = Release;
		};
		905E6A751B14F337002C5E2A /* Debug */ = {
			isa = XCBuildConfiguration;
			buildSettings = {
				BUNDLE_LOADER = "$(TEST_HOST)";
				FRAMEWORK_SEARCH_PATHS = (
					"$(SDKROOT)/Developer/Library/Frameworks",
					"$(inherited)",
				);
				GCC_PREPROCESSOR_DEFINITIONS = (
					"DEBUG=1",
					"$(inherited)",
				);
				INFOPLIST_FILE = JukeboxTests/Info.plist;
				LD_RUNPATH_SEARCH_PATHS = "$(inherited) @executable_path/Frameworks @loader_path/Frameworks";
				PRODUCT_NAME = "$(TARGET_NAME)";
				TEST_HOST = "$(BUILT_PRODUCTS_DIR)/Jukebox.app/Jukebox";
			};
			name = Debug;
		};
		905E6A761B14F337002C5E2A /* Release */ = {
			isa = XCBuildConfiguration;
			buildSettings = {
				BUNDLE_LOADER = "$(TEST_HOST)";
				FRAMEWORK_SEARCH_PATHS = (
					"$(SDKROOT)/Developer/Library/Frameworks",
					"$(inherited)",
				);
				INFOPLIST_FILE = JukeboxTests/Info.plist;
				LD_RUNPATH_SEARCH_PATHS = "$(inherited) @executable_path/Frameworks @loader_path/Frameworks";
				PRODUCT_NAME = "$(TARGET_NAME)";
				TEST_HOST = "$(BUILT_PRODUCTS_DIR)/Jukebox.app/Jukebox";
			};
			name = Release;
		};
/* End XCBuildConfiguration section */

/* Begin XCConfigurationList section */
		905E6A4D1B14F337002C5E2A /* Build configuration list for PBXProject "Jukebox" */ = {
			isa = XCConfigurationList;
			buildConfigurations = (
				905E6A6F1B14F337002C5E2A /* Debug */,
				905E6A701B14F337002C5E2A /* Release */,
			);
			defaultConfigurationIsVisible = 0;
			defaultConfigurationName = Release;
		};
		905E6A711B14F337002C5E2A /* Build configuration list for PBXNativeTarget "Jukebox" */ = {
			isa = XCConfigurationList;
			buildConfigurations = (
				905E6A721B14F337002C5E2A /* Debug */,
				905E6A731B14F337002C5E2A /* Release */,
			);
			defaultConfigurationIsVisible = 0;
		};
		905E6A741B14F337002C5E2A /* Build configuration list for PBXNativeTarget "JukeboxTests" */ = {
			isa = XCConfigurationList;
			buildConfigurations = (
				905E6A751B14F337002C5E2A /* Debug */,
				905E6A761B14F337002C5E2A /* Release */,
			);
			defaultConfigurationIsVisible = 0;
		};
/* End XCConfigurationList section */
	};
	rootObject = 905E6A4A1B14F337002C5E2A /* Project object */;
}
