// !$*UTF8*$!
{
	archiveVersion = 1;
	classes = {
	};
	objectVersion = 46;
	objects = {

/* Begin PBXBuildFile section */
		732608382B86EF090CFEFA72 /* Pods.framework in Frameworks */ = {isa = PBXBuildFile; fileRef = 41BD033C3B5DAF416F30D5CD /* Pods.framework */; settings = {ATTRIBUTES = (Weak, ); }; };
		900C69081B17276900250CAF /* AlbumsManager.swift in Sources */ = {isa = PBXBuildFile; fileRef = 900C69071B17276900250CAF /* AlbumsManager.swift */; };
		902AF7EE1B1597DB00C8EABC /* NetworkTask.swift in Sources */ = {isa = PBXBuildFile; fileRef = 902AF7ED1B1597DB00C8EABC /* NetworkTask.swift */; };
		902C7F531B1664A6008D3581 /* ItunesRequest.swift in Sources */ = {isa = PBXBuildFile; fileRef = 902C7F521B1664A6008D3581 /* ItunesRequest.swift */; };
		902C7F571B166601008D3581 /* ItunesLookup.swift in Sources */ = {isa = PBXBuildFile; fileRef = 902C7F561B166601008D3581 /* ItunesLookup.swift */; };
		9039C3AF1B15092F005E114E /* Artist.swift in Sources */ = {isa = PBXBuildFile; fileRef = 9039C3AE1B15092F005E114E /* Artist.swift */; };
		9039C3B11B150B25005E114E /* Album.swift in Sources */ = {isa = PBXBuildFile; fileRef = 9039C3B01B150B25005E114E /* Album.swift */; };
		9039C3B31B1512A2005E114E /* NSDate+Argo.swift in Sources */ = {isa = PBXBuildFile; fileRef = 9039C3B21B1512A2005E114E /* NSDate+Argo.swift */; };
		905E6A581B14F337002C5E2A /* AppDelegate.swift in Sources */ = {isa = PBXBuildFile; fileRef = 905E6A571B14F337002C5E2A /* AppDelegate.swift */; };
		905E6A5A1B14F337002C5E2A /* ArtistsViewController.swift in Sources */ = {isa = PBXBuildFile; fileRef = 905E6A591B14F337002C5E2A /* ArtistsViewController.swift */; };
		905E6A5D1B14F337002C5E2A /* Main.storyboard in Resources */ = {isa = PBXBuildFile; fileRef = 905E6A5B1B14F337002C5E2A /* Main.storyboard */; };
		905E6A5F1B14F337002C5E2A /* Images.xcassets in Resources */ = {isa = PBXBuildFile; fileRef = 905E6A5E1B14F337002C5E2A /* Images.xcassets */; };
		905E6A621B14F337002C5E2A /* LaunchScreen.xib in Resources */ = {isa = PBXBuildFile; fileRef = 905E6A601B14F337002C5E2A /* LaunchScreen.xib */; };
		905E6A6E1B14F337002C5E2A /* JukeboxTests.swift in Sources */ = {isa = PBXBuildFile; fileRef = 905E6A6D1B14F337002C5E2A /* JukeboxTests.swift */; };
		907814E21B170FD1008DAFCD /* ItunesLookupAlbumRequestInteractor.swift in Sources */ = {isa = PBXBuildFile; fileRef = 907814E11B170FD1008DAFCD /* ItunesLookupAlbumRequestInteractor.swift */; };
		90AF4B151B1523420027B116 /* NSURL+Argo.swift in Sources */ = {isa = PBXBuildFile; fileRef = 90AF4B141B1523420027B116 /* NSURL+Argo.swift */; };
		9DCFCEAC715A8FBF58472182 /* Pods_Jukebox.framework in Frameworks */ = {isa = PBXBuildFile; fileRef = 77E7BCDB360E09DB7F1E220D /* Pods_Jukebox.framework */; settings = {ATTRIBUTES = (Weak, ); }; };
/* End PBXBuildFile section */

/* Begin PBXContainerItemProxy section */
		905E6A681B14F337002C5E2A /* PBXContainerItemProxy */ = {
			isa = PBXContainerItemProxy;
			containerPortal = 905E6A4A1B14F337002C5E2A /* Project object */;
			proxyType = 1;
			remoteGlobalIDString = 905E6A511B14F337002C5E2A;
			remoteInfo = Jukebox;
		};
/* End PBXContainerItemProxy section */

/* Begin PBXFileReference section */
		41BD033C3B5DAF416F30D5CD /* Pods.framework */ = {isa = PBXFileReference; explicitFileType = wrapper.framework; includeInIndex = 0; path = Pods.framework; sourceTree = BUILT_PRODUCTS_DIR; };
		77E7BCDB360E09DB7F1E220D /* Pods_Jukebox.framework */ = {isa = PBXFileReference; explicitFileType = wrapper.framework; includeInIndex = 0; path = Pods_Jukebox.framework; sourceTree = BUILT_PRODUCTS_DIR; };
		900C69071B17276900250CAF /* AlbumsManager.swift */ = {isa = PBXFileReference; fileEncoding = 4; lastKnownFileType = sourcecode.swift; path = AlbumsManager.swift; sourceTree = "<group>"; };
		902AF7ED1B1597DB00C8EABC /* NetworkTask.swift */ = {isa = PBXFileReference; fileEncoding = 4; lastKnownFileType = sourcecode.swift; path = NetworkTask.swift; sourceTree = "<group>"; };
		902C7F521B1664A6008D3581 /* ItunesRequest.swift */ = {isa = PBXFileReference; fileEncoding = 4; lastKnownFileType = sourcecode.swift; path = ItunesRequest.swift; sourceTree = "<group>"; };
		902C7F561B166601008D3581 /* ItunesLookup.swift */ = {isa = PBXFileReference; fileEncoding = 4; lastKnownFileType = sourcecode.swift; path = ItunesLookup.swift; sourceTree = "<group>"; };
		9039C3AE1B15092F005E114E /* Artist.swift */ = {isa = PBXFileReference; fileEncoding = 4; lastKnownFileType = sourcecode.swift; path = Artist.swift; sourceTree = "<group>"; };
		9039C3B01B150B25005E114E /* Album.swift */ = {isa = PBXFileReference; fileEncoding = 4; lastKnownFileType = sourcecode.swift; path = Album.swift; sourceTree = "<group>"; };
		9039C3B21B1512A2005E114E /* NSDate+Argo.swift */ = {isa = PBXFileReference; fileEncoding = 4; lastKnownFileType = sourcecode.swift; path = "NSDate+Argo.swift"; sourceTree = "<group>"; };
		905E6A521B14F337002C5E2A /* Jukebox.app */ = {isa = PBXFileReference; explicitFileType = wrapper.application; includeInIndex = 0; path = Jukebox.app; sourceTree = BUILT_PRODUCTS_DIR; };
		905E6A561B14F337002C5E2A /* Info.plist */ = {isa = PBXFileReference; lastKnownFileType = text.plist.xml; path = Info.plist; sourceTree = "<group>"; };
		905E6A571B14F337002C5E2A /* AppDelegate.swift */ = {isa = PBXFileReference; lastKnownFileType = sourcecode.swift; path = AppDelegate.swift; sourceTree = "<group>"; };
		905E6A591B14F337002C5E2A /* ArtistsViewController.swift */ = {isa = PBXFileReference; lastKnownFileType = sourcecode.swift; path = ArtistsViewController.swift; sourceTree = "<group>"; };
		905E6A5C1B14F337002C5E2A /* Base */ = {isa = PBXFileReference; lastKnownFileType = file.storyboard; name = Base; path = Base.lproj/Main.storyboard; sourceTree = "<group>"; };
		905E6A5E1B14F337002C5E2A /* Images.xcassets */ = {isa = PBXFileReference; lastKnownFileType = folder.assetcatalog; path = Images.xcassets; sourceTree = "<group>"; };
		905E6A611B14F337002C5E2A /* Base */ = {isa = PBXFileReference; lastKnownFileType = file.xib; name = Base; path = Base.lproj/LaunchScreen.xib; sourceTree = "<group>"; };
		905E6A671B14F337002C5E2A /* JukeboxTests.xctest */ = {isa = PBXFileReference; explicitFileType = wrapper.cfbundle; includeInIndex = 0; path = JukeboxTests.xctest; sourceTree = BUILT_PRODUCTS_DIR; };
		905E6A6C1B14F337002C5E2A /* Info.plist */ = {isa = PBXFileReference; lastKnownFileType = text.plist.xml; path = Info.plist; sourceTree = "<group>"; };
		905E6A6D1B14F337002C5E2A /* JukeboxTests.swift */ = {isa = PBXFileReference; lastKnownFileType = sourcecode.swift; path = JukeboxTests.swift; sourceTree = "<group>"; };
		907814E11B170FD1008DAFCD /* ItunesLookupAlbumRequestInteractor.swift */ = {isa = PBXFileReference; fileEncoding = 4; lastKnownFileType = sourcecode.swift; path = ItunesLookupAlbumRequestInteractor.swift; sourceTree = "<group>"; };
		90AF4B141B1523420027B116 /* NSURL+Argo.swift */ = {isa = PBXFileReference; fileEncoding = 4; lastKnownFileType = sourcecode.swift; path = "NSURL+Argo.swift"; sourceTree = "<group>"; };
		AF14F8931C443F697875E72F /* Pods.debug.xcconfig */ = {isa = PBXFileReference; includeInIndex = 1; lastKnownFileType = text.xcconfig; name = Pods.debug.xcconfig; path = "Pods/Target Support Files/Pods/Pods.debug.xcconfig"; sourceTree = "<group>"; };
		B594380FD144C8184C4781D6 /* Pods-Jukebox.release.xcconfig */ = {isa = PBXFileReference; includeInIndex = 1; lastKnownFileType = text.xcconfig; name = "Pods-Jukebox.release.xcconfig"; path = "Pods/Target Support Files/Pods-Jukebox/Pods-Jukebox.release.xcconfig"; sourceTree = "<group>"; };
		C3607B517FD893A21EDED028 /* Pods-Jukebox.debug.xcconfig */ = {isa = PBXFileReference; includeInIndex = 1; lastKnownFileType = text.xcconfig; name = "Pods-Jukebox.debug.xcconfig"; path = "Pods/Target Support Files/Pods-Jukebox/Pods-Jukebox.debug.xcconfig"; sourceTree = "<group>"; };
		E73399B0D868CAA73AE7B2BA /* Pods.release.xcconfig */ = {isa = PBXFileReference; includeInIndex = 1; lastKnownFileType = text.xcconfig; name = Pods.release.xcconfig; path = "Pods/Target Support Files/Pods/Pods.release.xcconfig"; sourceTree = "<group>"; };
/* End PBXFileReference section */

/* Begin PBXFrameworksBuildPhase section */
		905E6A4F1B14F337002C5E2A /* Frameworks */ = {
			isa = PBXFrameworksBuildPhase;
			buildActionMask = 2147483647;
			files = (
				9DCFCEAC715A8FBF58472182 /* Pods_Jukebox.framework in Frameworks */,
				732608382B86EF090CFEFA72 /* Pods.framework in Frameworks */,
			);
			runOnlyForDeploymentPostprocessing = 0;
		};
		905E6A641B14F337002C5E2A /* Frameworks */ = {
			isa = PBXFrameworksBuildPhase;
			buildActionMask = 2147483647;
			files = (
			);
			runOnlyForDeploymentPostprocessing = 0;
		};
/* End PBXFrameworksBuildPhase section */

/* Begin PBXGroup section */
		10292199ED9F0341A3A159B0 /* Frameworks */ = {
			isa = PBXGroup;
			children = (
				77E7BCDB360E09DB7F1E220D /* Pods_Jukebox.framework */,
				41BD033C3B5DAF416F30D5CD /* Pods.framework */,
			);
			name = Frameworks;
			sourceTree = "<group>";
		};
		900C69031B171C0300250CAF /* Source */ = {
			isa = PBXGroup;
			children = (
				902C7F541B1665BC008D3581 /* Network */,
				9039C3AC1B14FAE3005E114E /* Library */,
				9039C3AB1B14FADC005E114E /* Extensions */,
				9039C3A91B14FAB3005E114E /* Models */,
				900C69061B17275500250CAF /* Manager */,
				9039C3AD1B14FBAB005E114E /* ViewController */,
				9039C3A71B14FA96005E114E /* Views */,
				905E6A571B14F337002C5E2A /* AppDelegate.swift */,
				905E6A5B1B14F337002C5E2A /* Main.storyboard */,
				905E6A601B14F337002C5E2A /* LaunchScreen.xib */,
			);
			name = Source;
			sourceTree = "<group>";
		};
		900C69041B171C0C00250CAF /* Resources */ = {
			isa = PBXGroup;
			children = (
				905E6A5E1B14F337002C5E2A /* Images.xcassets */,
			);
			name = Resources;
			sourceTree = "<group>";
		};
		900C69051B17223D00250CAF /* NetworkInteractors */ = {
			isa = PBXGroup;
			children = (
				907814E11B170FD1008DAFCD /* ItunesLookupAlbumRequestInteractor.swift */,
			);
			name = NetworkInteractors;
			sourceTree = "<group>";
		};
		900C69061B17275500250CAF /* Manager */ = {
			isa = PBXGroup;
			children = (
				900C69071B17276900250CAF /* AlbumsManager.swift */,
			);
			name = Manager;
			sourceTree = "<group>";
		};
		902C7F541B1665BC008D3581 /* Network */ = {
			isa = PBXGroup;
			children = (
				900C69051B17223D00250CAF /* NetworkInteractors */,
				902C7F551B1665C6008D3581 /* API - ItunesRequest */,
			);
			name = Network;
			sourceTree = "<group>";
		};
		902C7F551B1665C6008D3581 /* API - ItunesRequest */ = {
			isa = PBXGroup;
			children = (
				902C7F521B1664A6008D3581 /* ItunesRequest.swift */,
				902C7F561B166601008D3581 /* ItunesLookup.swift */,
			);
			name = "API - ItunesRequest";
			sourceTree = "<group>";
		};
		9039C3A71B14FA96005E114E /* Views */ = {
			isa = PBXGroup;
			children = (
			);
			name = Views;
			sourceTree = "<group>";
		};
		9039C3A91B14FAB3005E114E /* Models */ = {
			isa = PBXGroup;
			children = (
				9039C3AE1B15092F005E114E /* Artist.swift */,
				9039C3B01B150B25005E114E /* Album.swift */,
			);
			name = Models;
			sourceTree = "<group>";
		};
		9039C3AB1B14FADC005E114E /* Extensions */ = {
			isa = PBXGroup;
			children = (
				9039C3B21B1512A2005E114E /* NSDate+Argo.swift */,
				90AF4B141B1523420027B116 /* NSURL+Argo.swift */,
			);
			name = Extensions;
			sourceTree = "<group>";
		};
		9039C3AC1B14FAE3005E114E /* Library */ = {
			isa = PBXGroup;
			children = (
				902AF7ED1B1597DB00C8EABC /* NetworkTask.swift */,
			);
			name = Library;
			sourceTree = "<group>";
		};
		9039C3AD1B14FBAB005E114E /* ViewController */ = {
			isa = PBXGroup;
			children = (
				905E6A591B14F337002C5E2A /* ArtistsViewController.swift */,
			);
			name = ViewController;
			sourceTree = "<group>";
		};
		905E6A491B14F337002C5E2A = {
			isa = PBXGroup;
			children = (
				905E6A541B14F337002C5E2A /* Jukebox */,
				905E6A6A1B14F337002C5E2A /* JukeboxTests */,
				905E6A531B14F337002C5E2A /* Products */,
				F6F63E1BD700108007296016 /* Pods */,
				10292199ED9F0341A3A159B0 /* Frameworks */,
			);
			sourceTree = "<group>";
		};
		905E6A531B14F337002C5E2A /* Products */ = {
			isa = PBXGroup;
			children = (
				905E6A521B14F337002C5E2A /* Jukebox.app */,
				905E6A671B14F337002C5E2A /* JukeboxTests.xctest */,
			);
			name = Products;
			sourceTree = "<group>";
		};
		905E6A541B14F337002C5E2A /* Jukebox */ = {
			isa = PBXGroup;
			children = (
				900C69031B171C0300250CAF /* Source */,
				900C69041B171C0C00250CAF /* Resources */,
				905E6A551B14F337002C5E2A /* Supporting Files */,
			);
			path = Jukebox;
			sourceTree = "<group>";
		};
		905E6A551B14F337002C5E2A /* Supporting Files */ = {
			isa = PBXGroup;
			children = (
				905E6A561B14F337002C5E2A /* Info.plist */,
			);
			name = "Supporting Files";
			sourceTree = "<group>";
		};
		905E6A6A1B14F337002C5E2A /* JukeboxTests */ = {
			isa = PBXGroup;
			children = (
				905E6A6D1B14F337002C5E2A /* JukeboxTests.swift */,
				905E6A6B1B14F337002C5E2A /* Supporting Files */,
			);
			path = JukeboxTests;
			sourceTree = "<group>";
		};
		905E6A6B1B14F337002C5E2A /* Supporting Files */ = {
			isa = PBXGroup;
			children = (
				905E6A6C1B14F337002C5E2A /* Info.plist */,
			);
			name = "Supporting Files";
			sourceTree = "<group>";
		};
		F6F63E1BD700108007296016 /* Pods */ = {
			isa = PBXGroup;
			children = (
				C3607B517FD893A21EDED028 /* Pods-Jukebox.debug.xcconfig */,
				B594380FD144C8184C4781D6 /* Pods-Jukebox.release.xcconfig */,
				AF14F8931C443F697875E72F /* Pods.debug.xcconfig */,
				E73399B0D868CAA73AE7B2BA /* Pods.release.xcconfig */,
			);
			name = Pods;
			sourceTree = "<group>";
		};
/* End PBXGroup section */

/* Begin PBXNativeTarget section */
		905E6A511B14F337002C5E2A /* Jukebox */ = {
			isa = PBXNativeTarget;
			buildConfigurationList = 905E6A711B14F337002C5E2A /* Build configuration list for PBXNativeTarget "Jukebox" */;
			buildPhases = (
				089B6DE90600B1CD69735CC0 /* Check Pods Manifest.lock */,
				905E6A4E1B14F337002C5E2A /* Sources */,
				905E6A4F1B14F337002C5E2A /* Frameworks */,
				905E6A501B14F337002C5E2A /* Resources */,
				45425AE9F7D47264AC6792E4 /* Embed Pods Frameworks */,
				EB99AB586342BBF626C84B92 /* Copy Pods Resources */,
			);
			buildRules = (
			);
			dependencies = (
			);
			name = Jukebox;
			productName = Jukebox;
			productReference = 905E6A521B14F337002C5E2A /* Jukebox.app */;
			productType = "com.apple.product-type.application";
		};
		905E6A661B14F337002C5E2A /* JukeboxTests */ = {
			isa = PBXNativeTarget;
			buildConfigurationList = 905E6A741B14F337002C5E2A /* Build configuration list for PBXNativeTarget "JukeboxTests" */;
			buildPhases = (
				905E6A631B14F337002C5E2A /* Sources */,
				905E6A641B14F337002C5E2A /* Frameworks */,
				905E6A651B14F337002C5E2A /* Resources */,
			);
			buildRules = (
			);
			dependencies = (
				905E6A691B14F337002C5E2A /* PBXTargetDependency */,
			);
			name = JukeboxTests;
			productName = JukeboxTests;
			productReference = 905E6A671B14F337002C5E2A /* JukeboxTests.xctest */;
			productType = "com.apple.product-type.bundle.unit-test";
		};
/* End PBXNativeTarget section */

/* Begin PBXProject section */
		905E6A4A1B14F337002C5E2A /* Project object */ = {
			isa = PBXProject;
			attributes = {
				LastUpgradeCheck = 0630;
				ORGANIZATIONNAME = jukebox;
				TargetAttributes = {
					905E6A511B14F337002C5E2A = {
						CreatedOnToolsVersion = 6.3.1;
					};
					905E6A661B14F337002C5E2A = {
						CreatedOnToolsVersion = 6.3.1;
						TestTargetID = 905E6A511B14F337002C5E2A;
					};
				};
			};
			buildConfigurationList = 905E6A4D1B14F337002C5E2A /* Build configuration list for PBXProject "Jukebox" */;
			compatibilityVersion = "Xcode 3.2";
			developmentRegion = English;
			hasScannedForEncodings = 0;
			knownRegions = (
				en,
				Base,
			);
			mainGroup = 905E6A491B14F337002C5E2A;
			productRefGroup = 905E6A531B14F337002C5E2A /* Products */;
			projectDirPath = "";
			projectRoot = "";
			targets = (
				905E6A511B14F337002C5E2A /* Jukebox */,
				905E6A661B14F337002C5E2A /* JukeboxTests */,
			);
		};
/* End PBXProject section */

/* Begin PBXResourcesBuildPhase section */
		905E6A501B14F337002C5E2A /* Resources */ = {
			isa = PBXResourcesBuildPhase;
			buildActionMask = 2147483647;
			files = (
				905E6A5D1B14F337002C5E2A /* Main.storyboard in Resources */,
				905E6A621B14F337002C5E2A /* LaunchScreen.xib in Resources */,
				905E6A5F1B14F337002C5E2A /* Images.xcassets in Resources */,
			);
			runOnlyForDeploymentPostprocessing = 0;
		};
		905E6A651B14F337002C5E2A /* Resources */ = {
			isa = PBXResourcesBuildPhase;
			buildActionMask = 2147483647;
			files = (
			);
			runOnlyForDeploymentPostprocessing = 0;
		};
/* End PBXResourcesBuildPhase section */

/* Begin PBXShellScriptBuildPhase section */
		089B6DE90600B1CD69735CC0 /* Check Pods Manifest.lock */ = {
			isa = PBXShellScriptBuildPhase;
			buildActionMask = 2147483647;
			files = (
			);
			inputPaths = (
			);
			name = "Check Pods Manifest.lock";
			outputPaths = (
			);
			runOnlyForDeploymentPostprocessing = 0;
			shellPath = /bin/sh;
			shellScript = "diff \"${PODS_ROOT}/../Podfile.lock\" \"${PODS_ROOT}/Manifest.lock\" > /dev/null\nif [[ $? != 0 ]] ; then\n    cat << EOM\nerror: The sandbox is not in sync with the Podfile.lock. Run 'pod install' or update your CocoaPods installation.\nEOM\n    exit 1\nfi\n";
			showEnvVarsInLog = 0;
		};
		45425AE9F7D47264AC6792E4 /* Embed Pods Frameworks */ = {
			isa = PBXShellScriptBuildPhase;
			buildActionMask = 2147483647;
			files = (
			);
			inputPaths = (
			);
			name = "Embed Pods Frameworks";
			outputPaths = (
			);
			runOnlyForDeploymentPostprocessing = 0;
			shellPath = /bin/sh;
			shellScript = "\"${SRCROOT}/Pods/Target Support Files/Pods/Pods-frameworks.sh\"\n";
			showEnvVarsInLog = 0;
		};
		EB99AB586342BBF626C84B92 /* Copy Pods Resources */ = {
			isa = PBXShellScriptBuildPhase;
			buildActionMask = 2147483647;
			files = (
			);
			inputPaths = (
			);
			name = "Copy Pods Resources";
			outputPaths = (
			);
			runOnlyForDeploymentPostprocessing = 0;
			shellPath = /bin/sh;
			shellScript = "\"${SRCROOT}/Pods/Target Support Files/Pods/Pods-resources.sh\"\n";
			showEnvVarsInLog = 0;
		};
/* End PBXShellScriptBuildPhase section */

/* Begin PBXSourcesBuildPhase section */
		905E6A4E1B14F337002C5E2A /* Sources */ = {
			isa = PBXSourcesBuildPhase;
			buildActionMask = 2147483647;
			files = (
				9039C3B31B1512A2005E114E /* NSDate+Argo.swift in Sources */,
				902C7F571B166601008D3581 /* ItunesLookup.swift in Sources */,
				907814E21B170FD1008DAFCD /* ItunesLookupAlbumRequestInteractor.swift in Sources */,
				900C69081B17276900250CAF /* AlbumsManager.swift in Sources */,
				9039C3AF1B15092F005E114E /* Artist.swift in Sources */,
				902AF7EE1B1597DB00C8EABC /* NetworkTask.swift in Sources */,
				905E6A5A1B14F337002C5E2A /* ArtistsViewController.swift in Sources */,
				905E6A581B14F337002C5E2A /* AppDelegate.swift in Sources */,
				9039C3B11B150B25005E114E /* Album.swift in Sources */,
				90AF4B151B1523420027B116 /* NSURL+Argo.swift in Sources */,
				902C7F531B1664A6008D3581 /* ItunesRequest.swift in Sources */,
			);
			runOnlyForDeploymentPostprocessing = 0;
		};
		905E6A631B14F337002C5E2A /* Sources */ = {
			isa = PBXSourcesBuildPhase;
			buildActionMask = 2147483647;
			files = (
				905E6A6E1B14F337002C5E2A /* JukeboxTests.swift in Sources */,
			);
			runOnlyForDeploymentPostprocessing = 0;
		};
/* End PBXSourcesBuildPhase section */

/* Begin PBXTargetDependency section */
		905E6A691B14F337002C5E2A /* PBXTargetDependency */ = {
			isa = PBXTargetDependency;
			target = 905E6A511B14F337002C5E2A /* Jukebox */;
			targetProxy = 905E6A681B14F337002C5E2A /* PBXContainerItemProxy */;
		};
/* End PBXTargetDependency section */

/* Begin PBXVariantGroup section */
		905E6A5B1B14F337002C5E2A /* Main.storyboard */ = {
			isa = PBXVariantGroup;
			children = (
				905E6A5C1B14F337002C5E2A /* Base */,
			);
			name = Main.storyboard;
			sourceTree = "<group>";
		};
		905E6A601B14F337002C5E2A /* LaunchScreen.xib */ = {
			isa = PBXVariantGroup;
			children = (
				905E6A611B14F337002C5E2A /* Base */,
			);
			name = LaunchScreen.xib;
			sourceTree = "<group>";
		};
/* End PBXVariantGroup section */

/* Begin XCBuildConfiguration section */
		905E6A6F1B14F337002C5E2A /* Debug */ = {
			isa = XCBuildConfiguration;
			buildSettings = {
				ALWAYS_SEARCH_USER_PATHS = NO;
				CLANG_CXX_LANGUAGE_STANDARD = "gnu++0x";
				CLANG_CXX_LIBRARY = "libc++";
				CLANG_ENABLE_MODULES = YES;
				CLANG_ENABLE_OBJC_ARC = YES;
				CLANG_WARN_BOOL_CONVERSION = YES;
				CLANG_WARN_CONSTANT_CONVERSION = YES;
				CLANG_WARN_DIRECT_OBJC_ISA_USAGE = YES_ERROR;
				CLANG_WARN_EMPTY_BODY = YES;
				CLANG_WARN_ENUM_CONVERSION = YES;
				CLANG_WARN_INT_CONVERSION = YES;
				CLANG_WARN_OBJC_ROOT_CLASS = YES_ERROR;
				CLANG_WARN_UNREACHABLE_CODE = YES;
				CLANG_WARN__DUPLICATE_METHOD_MATCH = YES;
				"CODE_SIGN_IDENTITY[sdk=iphoneos*]" = "iPhone Developer";
				COPY_PHASE_STRIP = NO;
				DEBUG_INFORMATION_FORMAT = "dwarf-with-dsym";
				ENABLE_STRICT_OBJC_MSGSEND = YES;
				GCC_C_LANGUAGE_STANDARD = gnu99;
				GCC_DYNAMIC_NO_PIC = NO;
				GCC_NO_COMMON_BLOCKS = YES;
				GCC_OPTIMIZATION_LEVEL = 0;
				GCC_PREPROCESSOR_DEFINITIONS = (
					"DEBUG=1",
					"$(inherited)",
				);
				GCC_SYMBOLS_PRIVATE_EXTERN = NO;
				GCC_WARN_64_TO_32_BIT_CONVERSION = YES;
				GCC_WARN_ABOUT_RETURN_TYPE = YES_ERROR;
				GCC_WARN_UNDECLARED_SELECTOR = YES;
				GCC_WARN_UNINITIALIZED_AUTOS = YES_AGGRESSIVE;
				GCC_WARN_UNUSED_FUNCTION = YES;
				GCC_WARN_UNUSED_VARIABLE = YES;
				IPHONEOS_DEPLOYMENT_TARGET = 8.3;
				MTL_ENABLE_DEBUG_INFO = YES;
				ONLY_ACTIVE_ARCH = YES;
				SDKROOT = iphoneos;
				SWIFT_OPTIMIZATION_LEVEL = "-Onone";
			};
			name = Debug;
		};
		905E6A701B14F337002C5E2A /* Release */ = {
			isa = XCBuildConfiguration;
			buildSettings = {
				ALWAYS_SEARCH_USER_PATHS = NO;
				CLANG_CXX_LANGUAGE_STANDARD = "gnu++0x";
				CLANG_CXX_LIBRARY = "libc++";
				CLANG_ENABLE_MODULES = YES;
				CLANG_ENABLE_OBJC_ARC = YES;
				CLANG_WARN_BOOL_CONVERSION = YES;
				CLANG_WARN_CONSTANT_CONVERSION = YES;
				CLANG_WARN_DIRECT_OBJC_ISA_USAGE = YES_ERROR;
				CLANG_WARN_EMPTY_BODY = YES;
				CLANG_WARN_ENUM_CONVERSION = YES;
				CLANG_WARN_INT_CONVERSION = YES;
				CLANG_WARN_OBJC_ROOT_CLASS = YES_ERROR;
				CLANG_WARN_UNREACHABLE_CODE = YES;
				CLANG_WARN__DUPLICATE_METHOD_MATCH = YES;
				"CODE_SIGN_IDENTITY[sdk=iphoneos*]" = "iPhone Developer";
				COPY_PHASE_STRIP = NO;
				DEBUG_INFORMATION_FORMAT = "dwarf-with-dsym";
				ENABLE_NS_ASSERTIONS = NO;
				ENABLE_STRICT_OBJC_MSGSEND = YES;
				GCC_C_LANGUAGE_STANDARD = gnu99;
				GCC_NO_COMMON_BLOCKS = YES;
				GCC_WARN_64_TO_32_BIT_CONVERSION = YES;
				GCC_WARN_ABOUT_RETURN_TYPE = YES_ERROR;
				GCC_WARN_UNDECLARED_SELECTOR = YES;
				GCC_WARN_UNINITIALIZED_AUTOS = YES_AGGRESSIVE;
				GCC_WARN_UNUSED_FUNCTION = YES;
				GCC_WARN_UNUSED_VARIABLE = YES;
				IPHONEOS_DEPLOYMENT_TARGET = 8.3;
				MTL_ENABLE_DEBUG_INFO = NO;
				SDKROOT = iphoneos;
				VALIDATE_PRODUCT = YES;
			};
			name = Release;
		};
		905E6A721B14F337002C5E2A /* Debug */ = {
			isa = XCBuildConfiguration;
			baseConfigurationReference = AF14F8931C443F697875E72F /* Pods.debug.xcconfig */;
			buildSettings = {
				ASSETCATALOG_COMPILER_APPICON_NAME = AppIcon;
				INFOPLIST_FILE = Jukebox/Info.plist;
				LD_RUNPATH_SEARCH_PATHS = "$(inherited) @executable_path/Frameworks";
				PRODUCT_NAME = "$(TARGET_NAME)";
			};
			name = Debug;
		};
		905E6A731B14F337002C5E2A /* Release */ = {
			isa = XCBuildConfiguration;
			baseConfigurationReference = E73399B0D868CAA73AE7B2BA /* Pods.release.xcconfig */;
			buildSettings = {
				ASSETCATALOG_COMPILER_APPICON_NAME = AppIcon;
				INFOPLIST_FILE = Jukebox/Info.plist;
				LD_RUNPATH_SEARCH_PATHS = "$(inherited) @executable_path/Frameworks";
				PRODUCT_NAME = "$(TARGET_NAME)";
			};
			name = Release;
		};
		905E6A751B14F337002C5E2A /* Debug */ = {
			isa = XCBuildConfiguration;
			buildSettings = {
				BUNDLE_LOADER = "$(TEST_HOST)";
				FRAMEWORK_SEARCH_PATHS = (
					"$(SDKROOT)/Developer/Library/Frameworks",
					"$(inherited)",
				);
				GCC_PREPROCESSOR_DEFINITIONS = (
					"DEBUG=1",
					"$(inherited)",
				);
				INFOPLIST_FILE = JukeboxTests/Info.plist;
				LD_RUNPATH_SEARCH_PATHS = "$(inherited) @executable_path/Frameworks @loader_path/Frameworks";
				PRODUCT_NAME = "$(TARGET_NAME)";
				TEST_HOST = "$(BUILT_PRODUCTS_DIR)/Jukebox.app/Jukebox";
			};
			name = Debug;
		};
		905E6A761B14F337002C5E2A /* Release */ = {
			isa = XCBuildConfiguration;
			buildSettings = {
				BUNDLE_LOADER = "$(TEST_HOST)";
				FRAMEWORK_SEARCH_PATHS = (
					"$(SDKROOT)/Developer/Library/Frameworks",
					"$(inherited)",
				);
				INFOPLIST_FILE = JukeboxTests/Info.plist;
				LD_RUNPATH_SEARCH_PATHS = "$(inherited) @executable_path/Frameworks @loader_path/Frameworks";
				PRODUCT_NAME = "$(TARGET_NAME)";
				TEST_HOST = "$(BUILT_PRODUCTS_DIR)/Jukebox.app/Jukebox";
			};
			name = Release;
		};
/* End XCBuildConfiguration section */

/* Begin XCConfigurationList section */
		905E6A4D1B14F337002C5E2A /* Build configuration list for PBXProject "Jukebox" */ = {
			isa = XCConfigurationList;
			buildConfigurations = (
				905E6A6F1B14F337002C5E2A /* Debug */,
				905E6A701B14F337002C5E2A /* Release */,
			);
			defaultConfigurationIsVisible = 0;
			defaultConfigurationName = Release;
		};
		905E6A711B14F337002C5E2A /* Build configuration list for PBXNativeTarget "Jukebox" */ = {
			isa = XCConfigurationList;
			buildConfigurations = (
				905E6A721B14F337002C5E2A /* Debug */,
				905E6A731B14F337002C5E2A /* Release */,
			);
			defaultConfigurationIsVisible = 0;
			defaultConfigurationName = Release;
		};
		905E6A741B14F337002C5E2A /* Build configuration list for PBXNativeTarget "JukeboxTests" */ = {
			isa = XCConfigurationList;
			buildConfigurations = (
				905E6A751B14F337002C5E2A /* Debug */,
				905E6A761B14F337002C5E2A /* Release */,
			);
			defaultConfigurationIsVisible = 0;
			defaultConfigurationName = Release;
		};
/* End XCConfigurationList section */
	};
	rootObject = 905E6A4A1B14F337002C5E2A /* Project object */;
}
